
Microsoft Visual Studio Solution File, Format Version 12.00
# Visual Studio Version 16
VisualStudioVersion = 16.0.29424.173
MinimumVisualStudioVersion = 10.0.40219.1
Project("{FAE04EC0-301F-11D3-BF4B-00C04F79EFBC}") = "Talent.WebApi", "Talent.WebApi\Talent.WebApi.csproj", "{437436E2-8853-457D-AC0F-21B5291119C5}"
EndProject
Project("{FAE04EC0-301F-11D3-BF4B-00C04F79EFBC}") = "Talent.Infra", "Talent.Infra\Talent.Infra.csproj", "{89C8A0A0-D01B-4686-B98F-D9A540255322}"
EndProject
Global
	GlobalSection(SolutionConfigurationPlatforms) = preSolution
		Debug|Any CPU = Debug|Any CPU
		Release|Any CPU = Release|Any CPU
	EndGlobalSection
	GlobalSection(ProjectConfigurationPlatforms) = postSolution
		{437436E2-8853-457D-AC0F-21B5291119C5}.Debug|Any CPU.ActiveCfg = Debug|Any CPU
		{437436E2-8853-457D-AC0F-21B5291119C5}.Debug|Any CPU.Build.0 = Debug|Any CPU
		{437436E2-8853-457D-AC0F-21B5291119C5}.Release|Any CPU.ActiveCfg = Release|Any CPU
		{437436E2-8853-457D-AC0F-21B5291119C5}.Release|Any CPU.Build.0 = Release|Any CPU
		{89C8A0A0-D01B-4686-B98F-D9A540255322}.Debug|Any CPU.ActiveCfg = Debug|Any CPU
		{89C8A0A0-D01B-4686-B98F-D9A540255322}.Debug|Any CPU.Build.0 = Debug|Any CPU
		{89C8A0A0-D01B-4686-B98F-D9A540255322}.Release|Any CPU.ActiveCfg = Release|Any CPU
		{89C8A0A0-D01B-4686-B98F-D9A540255322}.Release|Any CPU.Build.0 = Release|Any CPU
	EndGlobalSection
	GlobalSection(SolutionProperties) = preSolution
		HideSolutionNode = FALSE
	EndGlobalSection
	GlobalSection(ExtensibilityGlobals) = postSolution
		SolutionGuid = {74B58360-51FE-493F-8E1E-BAFA5E8CBAA9}
	EndGlobalSection
EndGlobal
